
Microsoft Visual Studio Solution File, Format Version 12.00
# Visual Studio Version 16
VisualStudioVersion = 16.0.30717.126
MinimumVisualStudioVersion = 15.0.26124.0
Project("{2150E333-8FDC-42A3-9474-1A3956D46DE8}") = "src", "src", "{CA25EF39-C7CD-4522-A340-4958E8189BE0}"
EndProject
Project("{2150E333-8FDC-42A3-9474-1A3956D46DE8}") = "test", "test", "{B3B9A55D-E6C9-472F-9197-910BBDDC35EC}"
EndProject
Project("{9A19103F-16F7-4668-BE54-9A1E7A4F7556}") = "DB", "src\DB\DB.csproj", "{FEEBF924-4372-4000-B443-E3A52E022E33}"
EndProject
Project("{9A19103F-16F7-4668-BE54-9A1E7A4F7556}") = "API", "src\API\API.csproj", "{A398E6F1-13BF-4063-A70B-27699CA906DF}"
EndProject
Project("{9A19103F-16F7-4668-BE54-9A1E7A4F7556}") = "Entities", "src\Entities\Entities.csproj", "{9E279BF2-C8A5-4B03-93B6-256D49FD236B}"
EndProject
Project("{9A19103F-16F7-4668-BE54-9A1E7A4F7556}") = "Integration", "test\Integration\Integration.csproj", "{5DDFC9E9-695B-4EC0-955B-E1B83EA88ABC}"
EndProject
Global
	GlobalSection(SolutionConfigurationPlatforms) = preSolution
		Debug|Any CPU = Debug|Any CPU
		Debug|x64 = Debug|x64
		Debug|x86 = Debug|x86
		Release|Any CPU = Release|Any CPU
		Release|x64 = Release|x64
		Release|x86 = Release|x86
	EndGlobalSection
	GlobalSection(ProjectConfigurationPlatforms) = postSolution
		{FEEBF924-4372-4000-B443-E3A52E022E33}.Debug|Any CPU.ActiveCfg = Debug|Any CPU
		{FEEBF924-4372-4000-B443-E3A52E022E33}.Debug|Any CPU.Build.0 = Debug|Any CPU
		{FEEBF924-4372-4000-B443-E3A52E022E33}.Debug|x64.ActiveCfg = Debug|Any CPU
		{FEEBF924-4372-4000-B443-E3A52E022E33}.Debug|x64.Build.0 = Debug|Any CPU
		{FEEBF924-4372-4000-B443-E3A52E022E33}.Debug|x86.ActiveCfg = Debug|Any CPU
		{FEEBF924-4372-4000-B443-E3A52E022E33}.Debug|x86.Build.0 = Debug|Any CPU
		{FEEBF924-4372-4000-B443-E3A52E022E33}.Release|Any CPU.ActiveCfg = Release|Any CPU
		{FEEBF924-4372-4000-B443-E3A52E022E33}.Release|Any CPU.Build.0 = Release|Any CPU
		{FEEBF924-4372-4000-B443-E3A52E022E33}.Release|x64.ActiveCfg = Release|Any CPU
		{FEEBF924-4372-4000-B443-E3A52E022E33}.Release|x64.Build.0 = Release|Any CPU
		{FEEBF924-4372-4000-B443-E3A52E022E33}.Release|x86.ActiveCfg = Release|Any CPU
		{FEEBF924-4372-4000-B443-E3A52E022E33}.Release|x86.Build.0 = Release|Any CPU
		{A398E6F1-13BF-4063-A70B-27699CA906DF}.Debug|Any CPU.ActiveCfg = Debug|Any CPU
		{A398E6F1-13BF-4063-A70B-27699CA906DF}.Debug|Any CPU.Build.0 = Debug|Any CPU
		{A398E6F1-13BF-4063-A70B-27699CA906DF}.Debug|x64.ActiveCfg = Debug|Any CPU
		{A398E6F1-13BF-4063-A70B-27699CA906DF}.Debug|x64.Build.0 = Debug|Any CPU
		{A398E6F1-13BF-4063-A70B-27699CA906DF}.Debug|x86.ActiveCfg = Debug|Any CPU
		{A398E6F1-13BF-4063-A70B-27699CA906DF}.Debug|x86.Build.0 = Debug|Any CPU
		{A398E6F1-13BF-4063-A70B-27699CA906DF}.Release|Any CPU.ActiveCfg = Release|Any CPU
		{A398E6F1-13BF-4063-A70B-27699CA906DF}.Release|Any CPU.Build.0 = Release|Any CPU
		{A398E6F1-13BF-4063-A70B-27699CA906DF}.Release|x64.ActiveCfg = Release|Any CPU
		{A398E6F1-13BF-4063-A70B-27699CA906DF}.Release|x64.Build.0 = Release|Any CPU
		{A398E6F1-13BF-4063-A70B-27699CA906DF}.Release|x86.ActiveCfg = Release|Any CPU
		{A398E6F1-13BF-4063-A70B-27699CA906DF}.Release|x86.Build.0 = Release|Any CPU
		{9E279BF2-C8A5-4B03-93B6-256D49FD236B}.Debug|Any CPU.ActiveCfg = Debug|Any CPU
		{9E279BF2-C8A5-4B03-93B6-256D49FD236B}.Debug|Any CPU.Build.0 = Debug|Any CPU
		{9E279BF2-C8A5-4B03-93B6-256D49FD236B}.Debug|x64.ActiveCfg = Debug|Any CPU
		{9E279BF2-C8A5-4B03-93B6-256D49FD236B}.Debug|x64.Build.0 = Debug|Any CPU
		{9E279BF2-C8A5-4B03-93B6-256D49FD236B}.Debug|x86.ActiveCfg = Debug|Any CPU
		{9E279BF2-C8A5-4B03-93B6-256D49FD236B}.Debug|x86.Build.0 = Debug|Any CPU
		{9E279BF2-C8A5-4B03-93B6-256D49FD236B}.Release|Any CPU.ActiveCfg = Release|Any CPU
		{9E279BF2-C8A5-4B03-93B6-256D49FD236B}.Release|Any CPU.Build.0 = Release|Any CPU
		{9E279BF2-C8A5-4B03-93B6-256D49FD236B}.Release|x64.ActiveCfg = Release|Any CPU
		{9E279BF2-C8A5-4B03-93B6-256D49FD236B}.Release|x64.Build.0 = Release|Any CPU
		{9E279BF2-C8A5-4B03-93B6-256D49FD236B}.Release|x86.ActiveCfg = Release|Any CPU
		{9E279BF2-C8A5-4B03-93B6-256D49FD236B}.Release|x86.Build.0 = Release|Any CPU
		{5DDFC9E9-695B-4EC0-955B-E1B83EA88ABC}.Debug|Any CPU.ActiveCfg = Debug|Any CPU
		{5DDFC9E9-695B-4EC0-955B-E1B83EA88ABC}.Debug|Any CPU.Build.0 = Debug|Any CPU
		{5DDFC9E9-695B-4EC0-955B-E1B83EA88ABC}.Debug|x64.ActiveCfg = Debug|Any CPU
		{5DDFC9E9-695B-4EC0-955B-E1B83EA88ABC}.Debug|x64.Build.0 = Debug|Any CPU
		{5DDFC9E9-695B-4EC0-955B-E1B83EA88ABC}.Debug|x86.ActiveCfg = Debug|Any CPU
		{5DDFC9E9-695B-4EC0-955B-E1B83EA88ABC}.Debug|x86.Build.0 = Debug|Any CPU
		{5DDFC9E9-695B-4EC0-955B-E1B83EA88ABC}.Release|Any CPU.ActiveCfg = Release|Any CPU
		{5DDFC9E9-695B-4EC0-955B-E1B83EA88ABC}.Release|Any CPU.Build.0 = Release|Any CPU
		{5DDFC9E9-695B-4EC0-955B-E1B83EA88ABC}.Release|x64.ActiveCfg = Release|Any CPU
		{5DDFC9E9-695B-4EC0-955B-E1B83EA88ABC}.Release|x64.Build.0 = Release|Any CPU
		{5DDFC9E9-695B-4EC0-955B-E1B83EA88ABC}.Release|x86.ActiveCfg = Release|Any CPU
		{5DDFC9E9-695B-4EC0-955B-E1B83EA88ABC}.Release|x86.Build.0 = Release|Any CPU
	EndGlobalSection
	GlobalSection(SolutionProperties) = preSolution
		HideSolutionNode = FALSE
	EndGlobalSection
	GlobalSection(NestedProjects) = preSolution
		{FEEBF924-4372-4000-B443-E3A52E022E33} = {CA25EF39-C7CD-4522-A340-4958E8189BE0}
		{A398E6F1-13BF-4063-A70B-27699CA906DF} = {CA25EF39-C7CD-4522-A340-4958E8189BE0}
		{9E279BF2-C8A5-4B03-93B6-256D49FD236B} = {CA25EF39-C7CD-4522-A340-4958E8189BE0}
		{5DDFC9E9-695B-4EC0-955B-E1B83EA88ABC} = {B3B9A55D-E6C9-472F-9197-910BBDDC35EC}
	EndGlobalSection
	GlobalSection(ExtensibilityGlobals) = postSolution
		SolutionGuid = {CC2BF02D-30FD-42B4-BA86-8CF647CBD793}
	EndGlobalSection
EndGlobal
